// !$*UTF8*$!
{
	archiveVersion = 1;
	classes = {
	};
	objectVersion = 77;
	objects = {

/* Begin PBXBuildFile section */
		26B476212CC051B600AEBA35 /* Spider in Frameworks */ = {isa = PBXBuildFile; productRef = 26B476202CC051B600AEBA35 /* Spider */; };
		26B476242CC0530300AEBA35 /* Espresso in Frameworks */ = {isa = PBXBuildFile; productRef = 26B476232CC0530300AEBA35 /* Espresso */; };
		26B476262CC0530300AEBA35 /* EspressoUI in Frameworks */ = {isa = PBXBuildFile; productRef = 26B476252CC0530300AEBA35 /* EspressoUI */; };
		26B4762F2CC0550700AEBA35 /* Swinject in Frameworks */ = {isa = PBXBuildFile; productRef = 26B4762E2CC0550700AEBA35 /* Swinject */; };
		26B476532CC0682100AEBA35 /* Nuke in Frameworks */ = {isa = PBXBuildFile; productRef = 26B476522CC0682100AEBA35 /* Nuke */; };
		26B476552CC0682100AEBA35 /* NukeExtensions in Frameworks */ = {isa = PBXBuildFile; productRef = 26B476542CC0682100AEBA35 /* NukeExtensions */; };
		26B476572CC0682100AEBA35 /* NukeUI in Frameworks */ = {isa = PBXBuildFile; productRef = 26B476562CC0682100AEBA35 /* NukeUI */; };
/* End PBXBuildFile section */

/* Begin PBXContainerItemProxy section */
		268BE8812CC094DB00AE8C2A /* PBXContainerItemProxy */ = {
			isa = PBXContainerItemProxy;
			containerPortal = 26B475EF2CC04CF400AEBA35 /* Project object */;
			proxyType = 1;
			remoteGlobalIDString = 26B475F62CC04CF400AEBA35;
			remoteInfo = FetchRecipes;
		};
/* End PBXContainerItemProxy section */

/* Begin PBXFileReference section */
		268BE87D2CC094DB00AE8C2A /* FetchRecipesTests.xctest */ = {isa = PBXFileReference; explicitFileType = wrapper.cfbundle; includeInIndex = 0; path = FetchRecipesTests.xctest; sourceTree = BUILT_PRODUCTS_DIR; };
		26B475F72CC04CF400AEBA35 /* FetchRecipes.app */ = {isa = PBXFileReference; explicitFileType = wrapper.application; includeInIndex = 0; path = FetchRecipes.app; sourceTree = BUILT_PRODUCTS_DIR; };
/* End PBXFileReference section */

/* Begin PBXFileSystemSynchronizedRootGroup section */
		268BE87E2CC094DB00AE8C2A /* FetchRecipesTests */ = {
			isa = PBXFileSystemSynchronizedRootGroup;
			path = FetchRecipesTests;
			sourceTree = "<group>";
		};
		26B475F92CC04CF400AEBA35 /* FetchRecipes */ = {
			isa = PBXFileSystemSynchronizedRootGroup;
			path = FetchRecipes;
			sourceTree = "<group>";
		};
/* End PBXFileSystemSynchronizedRootGroup section */

/* Begin PBXFrameworksBuildPhase section */
		268BE87A2CC094DB00AE8C2A /* Frameworks */ = {
			isa = PBXFrameworksBuildPhase;
			buildActionMask = 2147483647;
			files = (
			);
			runOnlyForDeploymentPostprocessing = 0;
		};
		26B475F42CC04CF400AEBA35 /* Frameworks */ = {
			isa = PBXFrameworksBuildPhase;
			buildActionMask = 2147483647;
			files = (
				26B476242CC0530300AEBA35 /* Espresso in Frameworks */,
				26B476572CC0682100AEBA35 /* NukeUI in Frameworks */,
				26B476262CC0530300AEBA35 /* EspressoUI in Frameworks */,
				26B476212CC051B600AEBA35 /* Spider in Frameworks */,
				26B4762F2CC0550700AEBA35 /* Swinject in Frameworks */,
				26B476532CC0682100AEBA35 /* Nuke in Frameworks */,
				26B476552CC0682100AEBA35 /* NukeExtensions in Frameworks */,
			);
			runOnlyForDeploymentPostprocessing = 0;
		};
/* End PBXFrameworksBuildPhase section */

/* Begin PBXGroup section */
		26B475EE2CC04CF400AEBA35 = {
			isa = PBXGroup;
			children = (
				26B475F92CC04CF400AEBA35 /* FetchRecipes */,
				268BE87E2CC094DB00AE8C2A /* FetchRecipesTests */,
				26B475F82CC04CF400AEBA35 /* Products */,
			);
			sourceTree = "<group>";
		};
		26B475F82CC04CF400AEBA35 /* Products */ = {
			isa = PBXGroup;
			children = (
				26B475F72CC04CF400AEBA35 /* FetchRecipes.app */,
				268BE87D2CC094DB00AE8C2A /* FetchRecipesTests.xctest */,
			);
			name = Products;
			sourceTree = "<group>";
		};
/* End PBXGroup section */

/* Begin PBXNativeTarget section */
		268BE87C2CC094DB00AE8C2A /* FetchRecipesTests */ = {
			isa = PBXNativeTarget;
			buildConfigurationList = 268BE8832CC094DB00AE8C2A /* Build configuration list for PBXNativeTarget "FetchRecipesTests" */;
			buildPhases = (
				268BE8792CC094DB00AE8C2A /* Sources */,
				268BE87A2CC094DB00AE8C2A /* Frameworks */,
				268BE87B2CC094DB00AE8C2A /* Resources */,
			);
			buildRules = (
			);
			dependencies = (
				268BE8822CC094DB00AE8C2A /* PBXTargetDependency */,
			);
			fileSystemSynchronizedGroups = (
				268BE87E2CC094DB00AE8C2A /* FetchRecipesTests */,
			);
			name = FetchRecipesTests;
			packageProductDependencies = (
			);
			productName = FetchRecipesTests;
			productReference = 268BE87D2CC094DB00AE8C2A /* FetchRecipesTests.xctest */;
			productType = "com.apple.product-type.bundle.unit-test";
		};
		26B475F62CC04CF400AEBA35 /* FetchRecipes */ = {
			isa = PBXNativeTarget;
			buildConfigurationList = 26B476052CC04CF600AEBA35 /* Build configuration list for PBXNativeTarget "FetchRecipes" */;
			buildPhases = (
				26B475F32CC04CF400AEBA35 /* Sources */,
				26B475F42CC04CF400AEBA35 /* Frameworks */,
				26B475F52CC04CF400AEBA35 /* Resources */,
			);
			buildRules = (
			);
			dependencies = (
			);
			fileSystemSynchronizedGroups = (
				26B475F92CC04CF400AEBA35 /* FetchRecipes */,
			);
			name = FetchRecipes;
			packageProductDependencies = (
				26B476202CC051B600AEBA35 /* Spider */,
				26B476232CC0530300AEBA35 /* Espresso */,
				26B476252CC0530300AEBA35 /* EspressoUI */,
				26B4762E2CC0550700AEBA35 /* Swinject */,
				26B476522CC0682100AEBA35 /* Nuke */,
				26B476542CC0682100AEBA35 /* NukeExtensions */,
				26B476562CC0682100AEBA35 /* NukeUI */,
			);
			productName = FetchRecipes;
			productReference = 26B475F72CC04CF400AEBA35 /* FetchRecipes.app */;
			productType = "com.apple.product-type.application";
		};
/* End PBXNativeTarget section */

/* Begin PBXProject section */
		26B475EF2CC04CF400AEBA35 /* Project object */ = {
			isa = PBXProject;
			attributes = {
				BuildIndependentTargetsInParallel = 1;
				LastSwiftUpdateCheck = 1600;
				LastUpgradeCheck = 1600;
				TargetAttributes = {
					268BE87C2CC094DB00AE8C2A = {
						CreatedOnToolsVersion = 16.0;
						TestTargetID = 26B475F62CC04CF400AEBA35;
					};
					26B475F62CC04CF400AEBA35 = {
						CreatedOnToolsVersion = 16.0;
					};
				};
			};
			buildConfigurationList = 26B475F22CC04CF400AEBA35 /* Build configuration list for PBXProject "FetchRecipes" */;
			developmentRegion = en;
			hasScannedForEncodings = 0;
			knownRegions = (
				en,
				Base,
			);
			mainGroup = 26B475EE2CC04CF400AEBA35;
			minimizedProjectReferenceProxies = 1;
			packageReferences = (
				26B4761F2CC051B600AEBA35 /* XCRemoteSwiftPackageReference "Spider" */,
				26B476222CC0530300AEBA35 /* XCRemoteSwiftPackageReference "Espresso" */,
				26B4762D2CC0550700AEBA35 /* XCRemoteSwiftPackageReference "Swinject" */,
				26B476512CC0682100AEBA35 /* XCRemoteSwiftPackageReference "Nuke" */,
			);
			preferredProjectObjectVersion = 77;
			productRefGroup = 26B475F82CC04CF400AEBA35 /* Products */;
			projectDirPath = "";
			projectRoot = "";
			targets = (
				26B475F62CC04CF400AEBA35 /* FetchRecipes */,
				268BE87C2CC094DB00AE8C2A /* FetchRecipesTests */,
			);
		};
/* End PBXProject section */

/* Begin PBXResourcesBuildPhase section */
		268BE87B2CC094DB00AE8C2A /* Resources */ = {
			isa = PBXResourcesBuildPhase;
			buildActionMask = 2147483647;
			files = (
			);
			runOnlyForDeploymentPostprocessing = 0;
		};
		26B475F52CC04CF400AEBA35 /* Resources */ = {
			isa = PBXResourcesBuildPhase;
			buildActionMask = 2147483647;
			files = (
			);
			runOnlyForDeploymentPostprocessing = 0;
		};
/* End PBXResourcesBuildPhase section */

/* Begin PBXSourcesBuildPhase section */
		268BE8792CC094DB00AE8C2A /* Sources */ = {
			isa = PBXSourcesBuildPhase;
			buildActionMask = 2147483647;
			files = (
			);
			runOnlyForDeploymentPostprocessing = 0;
		};
		26B475F32CC04CF400AEBA35 /* Sources */ = {
			isa = PBXSourcesBuildPhase;
			buildActionMask = 2147483647;
			files = (
			);
			runOnlyForDeploymentPostprocessing = 0;
		};
/* End PBXSourcesBuildPhase section */

/* Begin PBXTargetDependency section */
		268BE8822CC094DB00AE8C2A /* PBXTargetDependency */ = {
			isa = PBXTargetDependency;
			target = 26B475F62CC04CF400AEBA35 /* FetchRecipes */;
			targetProxy = 268BE8812CC094DB00AE8C2A /* PBXContainerItemProxy */;
		};
/* End PBXTargetDependency section */

/* Begin XCBuildConfiguration section */
		268BE8842CC094DB00AE8C2A /* Debug */ = {
			isa = XCBuildConfiguration;
			buildSettings = {
				BUNDLE_LOADER = "$(TEST_HOST)";
				CODE_SIGN_STYLE = Automatic;
				CURRENT_PROJECT_VERSION = 1;
				DEVELOPMENT_TEAM = KKSYLRXR4A;
				GENERATE_INFOPLIST_FILE = YES;
				IPHONEOS_DEPLOYMENT_TARGET = 18.0;
				MARKETING_VERSION = 1.0;
				PRODUCT_BUNDLE_IDENTIFIER = com.mitchtreece.FetchRecipesTests;
				PRODUCT_NAME = "$(TARGET_NAME)";
				SWIFT_EMIT_LOC_STRINGS = NO;
				SWIFT_VERSION = 5.0;
				TARGETED_DEVICE_FAMILY = "1,2";
				TEST_HOST = "$(BUILT_PRODUCTS_DIR)/FetchRecipes.app/$(BUNDLE_EXECUTABLE_FOLDER_PATH)/FetchRecipes";
			};
			name = Debug;
		};
		268BE8852CC094DB00AE8C2A /* Release */ = {
			isa = XCBuildConfiguration;
			buildSettings = {
				BUNDLE_LOADER = "$(TEST_HOST)";
				CODE_SIGN_STYLE = Automatic;
				CURRENT_PROJECT_VERSION = 1;
				DEVELOPMENT_TEAM = KKSYLRXR4A;
				GENERATE_INFOPLIST_FILE = YES;
				IPHONEOS_DEPLOYMENT_TARGET = 18.0;
				MARKETING_VERSION = 1.0;
				PRODUCT_BUNDLE_IDENTIFIER = com.mitchtreece.FetchRecipesTests;
				PRODUCT_NAME = "$(TARGET_NAME)";
				SWIFT_EMIT_LOC_STRINGS = NO;
				SWIFT_VERSION = 5.0;
				TARGETED_DEVICE_FAMILY = "1,2";
				TEST_HOST = "$(BUILT_PRODUCTS_DIR)/FetchRecipes.app/$(BUNDLE_EXECUTABLE_FOLDER_PATH)/FetchRecipes";
			};
			name = Release;
		};
		26B476032CC04CF600AEBA35 /* Debug */ = {
			isa = XCBuildConfiguration;
			buildSettings = {
				ALWAYS_SEARCH_USER_PATHS = NO;
				ASSETCATALOG_COMPILER_GENERATE_SWIFT_ASSET_SYMBOL_EXTENSIONS = YES;
				CLANG_ANALYZER_NONNULL = YES;
				CLANG_ANALYZER_NUMBER_OBJECT_CONVERSION = YES_AGGRESSIVE;
				CLANG_CXX_LANGUAGE_STANDARD = "gnu++20";
				CLANG_ENABLE_MODULES = YES;
				CLANG_ENABLE_OBJC_ARC = YES;
				CLANG_ENABLE_OBJC_WEAK = YES;
				CLANG_WARN_BLOCK_CAPTURE_AUTORELEASING = YES;
				CLANG_WARN_BOOL_CONVERSION = YES;
				CLANG_WARN_COMMA = YES;
				CLANG_WARN_CONSTANT_CONVERSION = YES;
				CLANG_WARN_DEPRECATED_OBJC_IMPLEMENTATIONS = YES;
				CLANG_WARN_DIRECT_OBJC_ISA_USAGE = YES_ERROR;
				CLANG_WARN_DOCUMENTATION_COMMENTS = YES;
				CLANG_WARN_EMPTY_BODY = YES;
				CLANG_WARN_ENUM_CONVERSION = YES;
				CLANG_WARN_INFINITE_RECURSION = YES;
				CLANG_WARN_INT_CONVERSION = YES;
				CLANG_WARN_NON_LITERAL_NULL_CONVERSION = YES;
				CLANG_WARN_OBJC_IMPLICIT_RETAIN_SELF = YES;
				CLANG_WARN_OBJC_LITERAL_CONVERSION = YES;
				CLANG_WARN_OBJC_ROOT_CLASS = YES_ERROR;
				CLANG_WARN_QUOTED_INCLUDE_IN_FRAMEWORK_HEADER = YES;
				CLANG_WARN_RANGE_LOOP_ANALYSIS = YES;
				CLANG_WARN_STRICT_PROTOTYPES = YES;
				CLANG_WARN_SUSPICIOUS_MOVE = YES;
				CLANG_WARN_UNGUARDED_AVAILABILITY = YES_AGGRESSIVE;
				CLANG_WARN_UNREACHABLE_CODE = YES;
				CLANG_WARN__DUPLICATE_METHOD_MATCH = YES;
				COPY_PHASE_STRIP = NO;
				DEBUG_INFORMATION_FORMAT = dwarf;
				ENABLE_STRICT_OBJC_MSGSEND = YES;
				ENABLE_TESTABILITY = YES;
				ENABLE_USER_SCRIPT_SANDBOXING = YES;
				GCC_C_LANGUAGE_STANDARD = gnu17;
				GCC_DYNAMIC_NO_PIC = NO;
				GCC_NO_COMMON_BLOCKS = YES;
				GCC_OPTIMIZATION_LEVEL = 0;
				GCC_PREPROCESSOR_DEFINITIONS = (
					"DEBUG=1",
					"$(inherited)",
				);
				GCC_WARN_64_TO_32_BIT_CONVERSION = YES;
				GCC_WARN_ABOUT_RETURN_TYPE = YES_ERROR;
				GCC_WARN_UNDECLARED_SELECTOR = YES;
				GCC_WARN_UNINITIALIZED_AUTOS = YES_AGGRESSIVE;
				GCC_WARN_UNUSED_FUNCTION = YES;
				GCC_WARN_UNUSED_VARIABLE = YES;
				IPHONEOS_DEPLOYMENT_TARGET = 16.6;
				LOCALIZATION_PREFERS_STRING_CATALOGS = YES;
				MTL_ENABLE_DEBUG_INFO = INCLUDE_SOURCE;
				MTL_FAST_MATH = YES;
				ONLY_ACTIVE_ARCH = YES;
				SDKROOT = iphoneos;
				SWIFT_ACTIVE_COMPILATION_CONDITIONS = "DEBUG $(inherited)";
				SWIFT_OPTIMIZATION_LEVEL = "-Onone";
			};
			name = Debug;
		};
		26B476042CC04CF600AEBA35 /* Release */ = {
			isa = XCBuildConfiguration;
			buildSettings = {
				ALWAYS_SEARCH_USER_PATHS = NO;
				ASSETCATALOG_COMPILER_GENERATE_SWIFT_ASSET_SYMBOL_EXTENSIONS = YES;
				CLANG_ANALYZER_NONNULL = YES;
				CLANG_ANALYZER_NUMBER_OBJECT_CONVERSION = YES_AGGRESSIVE;
				CLANG_CXX_LANGUAGE_STANDARD = "gnu++20";
				CLANG_ENABLE_MODULES = YES;
				CLANG_ENABLE_OBJC_ARC = YES;
				CLANG_ENABLE_OBJC_WEAK = YES;
				CLANG_WARN_BLOCK_CAPTURE_AUTORELEASING = YES;
				CLANG_WARN_BOOL_CONVERSION = YES;
				CLANG_WARN_COMMA = YES;
				CLANG_WARN_CONSTANT_CONVERSION = YES;
				CLANG_WARN_DEPRECATED_OBJC_IMPLEMENTATIONS = YES;
				CLANG_WARN_DIRECT_OBJC_ISA_USAGE = YES_ERROR;
				CLANG_WARN_DOCUMENTATION_COMMENTS = YES;
				CLANG_WARN_EMPTY_BODY = YES;
				CLANG_WARN_ENUM_CONVERSION = YES;
				CLANG_WARN_INFINITE_RECURSION = YES;
				CLANG_WARN_INT_CONVERSION = YES;
				CLANG_WARN_NON_LITERAL_NULL_CONVERSION = YES;
				CLANG_WARN_OBJC_IMPLICIT_RETAIN_SELF = YES;
				CLANG_WARN_OBJC_LITERAL_CONVERSION = YES;
				CLANG_WARN_OBJC_ROOT_CLASS = YES_ERROR;
				CLANG_WARN_QUOTED_INCLUDE_IN_FRAMEWORK_HEADER = YES;
				CLANG_WARN_RANGE_LOOP_ANALYSIS = YES;
				CLANG_WARN_STRICT_PROTOTYPES = YES;
				CLANG_WARN_SUSPICIOUS_MOVE = YES;
				CLANG_WARN_UNGUARDED_AVAILABILITY = YES_AGGRESSIVE;
				CLANG_WARN_UNREACHABLE_CODE = YES;
				CLANG_WARN__DUPLICATE_METHOD_MATCH = YES;
				COPY_PHASE_STRIP = NO;
				DEBUG_INFORMATION_FORMAT = "dwarf-with-dsym";
				ENABLE_NS_ASSERTIONS = NO;
				ENABLE_STRICT_OBJC_MSGSEND = YES;
				ENABLE_USER_SCRIPT_SANDBOXING = YES;
				GCC_C_LANGUAGE_STANDARD = gnu17;
				GCC_NO_COMMON_BLOCKS = YES;
				GCC_WARN_64_TO_32_BIT_CONVERSION = YES;
				GCC_WARN_ABOUT_RETURN_TYPE = YES_ERROR;
				GCC_WARN_UNDECLARED_SELECTOR = YES;
				GCC_WARN_UNINITIALIZED_AUTOS = YES_AGGRESSIVE;
				GCC_WARN_UNUSED_FUNCTION = YES;
				GCC_WARN_UNUSED_VARIABLE = YES;
				IPHONEOS_DEPLOYMENT_TARGET = 16.6;
				LOCALIZATION_PREFERS_STRING_CATALOGS = YES;
				MTL_ENABLE_DEBUG_INFO = NO;
				MTL_FAST_MATH = YES;
				SDKROOT = iphoneos;
				SWIFT_COMPILATION_MODE = wholemodule;
				VALIDATE_PRODUCT = YES;
			};
			name = Release;
		};
		26B476062CC04CF600AEBA35 /* Debug */ = {
			isa = XCBuildConfiguration;
			buildSettings = {
				ASSETCATALOG_COMPILER_APPICON_NAME = AppIcon;
				ASSETCATALOG_COMPILER_GLOBAL_ACCENT_COLOR_NAME = AccentColor;
				CODE_SIGN_STYLE = Automatic;
				CURRENT_PROJECT_VERSION = 1;
				DEVELOPMENT_ASSET_PATHS = "\"FetchRecipes/Resources/Preview Content\"";
				DEVELOPMENT_TEAM = KKSYLRXR4A;
				ENABLE_PREVIEWS = YES;
				GENERATE_INFOPLIST_FILE = YES;
				INFOPLIST_KEY_UIApplicationSceneManifest_Generation = YES;
				INFOPLIST_KEY_UIApplicationSupportsIndirectInputEvents = YES;
				INFOPLIST_KEY_UILaunchScreen_Generation = YES;
				INFOPLIST_KEY_UISupportedInterfaceOrientations_iPad = "UIInterfaceOrientationPortrait UIInterfaceOrientationPortraitUpsideDown UIInterfaceOrientationLandscapeLeft UIInterfaceOrientationLandscapeRight";
				INFOPLIST_KEY_UISupportedInterfaceOrientations_iPhone = "UIInterfaceOrientationPortrait UIInterfaceOrientationLandscapeLeft UIInterfaceOrientationLandscapeRight";
				LD_RUNPATH_SEARCH_PATHS = (
					"$(inherited)",
					"@executable_path/Frameworks",
				);
				MARKETING_VERSION = 1.0;
				PRODUCT_BUNDLE_IDENTIFIER = com.mitchtreece.FetchRecipes;
				PRODUCT_NAME = "$(TARGET_NAME)";
				SWIFT_EMIT_LOC_STRINGS = YES;
				SWIFT_VERSION = 5.0;
				TARGETED_DEVICE_FAMILY = "1,2";
			};
			name = Debug;
		};
		26B476072CC04CF600AEBA35 /* Release */ = {
			isa = XCBuildConfiguration;
			buildSettings = {
				ASSETCATALOG_COMPILER_APPICON_NAME = AppIcon;
				ASSETCATALOG_COMPILER_GLOBAL_ACCENT_COLOR_NAME = AccentColor;
				CODE_SIGN_STYLE = Automatic;
				CURRENT_PROJECT_VERSION = 1;
				DEVELOPMENT_ASSET_PATHS = "\"FetchRecipes/Resources/Preview Content\"";
				DEVELOPMENT_TEAM = KKSYLRXR4A;
				ENABLE_PREVIEWS = YES;
				GENERATE_INFOPLIST_FILE = YES;
				INFOPLIST_KEY_UIApplicationSceneManifest_Generation = YES;
				INFOPLIST_KEY_UIApplicationSupportsIndirectInputEvents = YES;
				INFOPLIST_KEY_UILaunchScreen_Generation = YES;
				INFOPLIST_KEY_UISupportedInterfaceOrientations_iPad = "UIInterfaceOrientationPortrait UIInterfaceOrientationPortraitUpsideDown UIInterfaceOrientationLandscapeLeft UIInterfaceOrientationLandscapeRight";
				INFOPLIST_KEY_UISupportedInterfaceOrientations_iPhone = "UIInterfaceOrientationPortrait UIInterfaceOrientationLandscapeLeft UIInterfaceOrientationLandscapeRight";
				LD_RUNPATH_SEARCH_PATHS = (
					"$(inherited)",
					"@executable_path/Frameworks",
				);
				MARKETING_VERSION = 1.0;
				PRODUCT_BUNDLE_IDENTIFIER = com.mitchtreece.FetchRecipes;
				PRODUCT_NAME = "$(TARGET_NAME)";
				SWIFT_EMIT_LOC_STRINGS = YES;
				SWIFT_VERSION = 5.0;
				TARGETED_DEVICE_FAMILY = "1,2";
			};
			name = Release;
		};
/* End XCBuildConfiguration section */

/* Begin XCConfigurationList section */
		268BE8832CC094DB00AE8C2A /* Build configuration list for PBXNativeTarget "FetchRecipesTests" */ = {
			isa = XCConfigurationList;
			buildConfigurations = (
				268BE8842CC094DB00AE8C2A /* Debug */,
				268BE8852CC094DB00AE8C2A /* Release */,
			);
			defaultConfigurationIsVisible = 0;
			defaultConfigurationName = Release;
		};
		26B475F22CC04CF400AEBA35 /* Build configuration list for PBXProject "FetchRecipes" */ = {
			isa = XCConfigurationList;
			buildConfigurations = (
				26B476032CC04CF600AEBA35 /* Debug */,
				26B476042CC04CF600AEBA35 /* Release */,
			);
			defaultConfigurationIsVisible = 0;
			defaultConfigurationName = Release;
		};
		26B476052CC04CF600AEBA35 /* Build configuration list for PBXNativeTarget "FetchRecipes" */ = {
			isa = XCConfigurationList;
			buildConfigurations = (
				26B476062CC04CF600AEBA35 /* Debug */,
				26B476072CC04CF600AEBA35 /* Release */,
			);
			defaultConfigurationIsVisible = 0;
			defaultConfigurationName = Release;
		};
/* End XCConfigurationList section */

/* Begin XCRemoteSwiftPackageReference section */
		26B4761F2CC051B600AEBA35 /* XCRemoteSwiftPackageReference "Spider" */ = {
			isa = XCRemoteSwiftPackageReference;
			repositoryURL = "https://github.com/mitchtreece/Spider";
			requirement = {
				kind = upToNextMajorVersion;
				minimumVersion = 2.3.3;
			};
		};
		26B476222CC0530300AEBA35 /* XCRemoteSwiftPackageReference "Espresso" */ = {
			isa = XCRemoteSwiftPackageReference;
			repositoryURL = "https://github.com/mitchtreece/Espresso";
			requirement = {
				kind = upToNextMajorVersion;
				minimumVersion = 3.7.0;
			};
		};
		26B4762D2CC0550700AEBA35 /* XCRemoteSwiftPackageReference "Swinject" */ = {
			isa = XCRemoteSwiftPackageReference;
			repositoryURL = "https://github.com/Swinject/Swinject.git";
			requirement = {
				kind = upToNextMajorVersion;
				minimumVersion = 2.9.1;
			};
		};
		26B476512CC0682100AEBA35 /* XCRemoteSwiftPackageReference "Nuke" */ = {
			isa = XCRemoteSwiftPackageReference;
			repositoryURL = "https://github.com/kean/Nuke";
			requirement = {
				kind = upToNextMajorVersion;
				minimumVersion = 12.8.0;
			};
		};
/* End XCRemoteSwiftPackageReference section */

/* Begin XCSwiftPackageProductDependency section */
		26B476202CC051B600AEBA35 /* Spider */ = {
			isa = XCSwiftPackageProductDependency;
			package = 26B4761F2CC051B600AEBA35 /* XCRemoteSwiftPackageReference "Spider" */;
			productName = Spider;
		};
		26B476232CC0530300AEBA35 /* Espresso */ = {
			isa = XCSwiftPackageProductDependency;
			package = 26B476222CC0530300AEBA35 /* XCRemoteSwiftPackageReference "Espresso" */;
			productName = Espresso;
		};
		26B476252CC0530300AEBA35 /* EspressoUI */ = {
			isa = XCSwiftPackageProductDependency;
			package = 26B476222CC0530300AEBA35 /* XCRemoteSwiftPackageReference "Espresso" */;
			productName = EspressoUI;
		};
		26B4762E2CC0550700AEBA35 /* Swinject */ = {
			isa = XCSwiftPackageProductDependency;
			package = 26B4762D2CC0550700AEBA35 /* XCRemoteSwiftPackageReference "Swinject" */;
			productName = Swinject;
		};
		26B476522CC0682100AEBA35 /* Nuke */ = {
			isa = XCSwiftPackageProductDependency;
			package = 26B476512CC0682100AEBA35 /* XCRemoteSwiftPackageReference "Nuke" */;
			productName = Nuke;
		};
		26B476542CC0682100AEBA35 /* NukeExtensions */ = {
			isa = XCSwiftPackageProductDependency;
			package = 26B476512CC0682100AEBA35 /* XCRemoteSwiftPackageReference "Nuke" */;
			productName = NukeExtensions;
		};
		26B476562CC0682100AEBA35 /* NukeUI */ = {
			isa = XCSwiftPackageProductDependency;
			package = 26B476512CC0682100AEBA35 /* XCRemoteSwiftPackageReference "Nuke" */;
			productName = NukeUI;
		};
/* End XCSwiftPackageProductDependency section */
	};
	rootObject = 26B475EF2CC04CF400AEBA35 /* Project object */;
}
